
Microsoft Visual Studio Solution File, Format Version 12.00
# Visual Studio Version 17
VisualStudioVersion = 17.5.33516.290
MinimumVisualStudioVersion = 10.0.40219.1
Project("{FAE04EC0-301F-11D3-BF4B-00C04F79EFBC}") = "Customization", "..\Customization\Customization.csproj", "{2956A544-F6D5-4799-899F-583EE5F2DF58}"
EndProject
Project("{FAE04EC0-301F-11D3-BF4B-00C04F79EFBC}") = "sccmclictr.automation", "..\sccmclictrlib\sccmclictr.automation\sccmclictr.automation.csproj", "{26DE704F-FE0F-49B5-B295-50030A3219B6}"
EndProject
Project("{2150E333-8FDC-42A3-9474-1A3956D46DE8}") = "SCCMCliCtrWPF", "SCCMCliCtrWPF", "{E871676F-0D6E-528F-08BD-730E807139FE}"
EndProject
Project("{FAE04EC0-301F-11D3-BF4B-00C04F79EFBC}") = "SCCMCliCtr", "SCCMCliCtrWPF\SCCMCliCtr.csproj", "{619102C4-8B2A-4B5D-9089-D5437F58F9A9}"
EndProject
Project("{FAE04EC0-301F-11D3-BF4B-00C04F79EFBC}") = "RuckZuck.Base", "..\Plugins\RuckZuck.Base\RuckZuck.Base.csproj", "{04D53465-2A38-4BB2-9000-934A2FE8EEE3}"
EndProject
Project("{FAE04EC0-301F-11D3-BF4B-00C04F79EFBC}") = "Plugin_Explorer", "..\Plugins\Plugin_Explorer\Plugin_Explorer.csproj", "{CC4CA792-579C-4C29-A327-EF7A60E15897}"
EndProject
Project("{FAE04EC0-301F-11D3-BF4B-00C04F79EFBC}") = "Plugin_RDP", "..\Plugins\Plugin_RDP\Plugin_RDP.csproj", "{9999CF17-DB6D-4B87-B8FA-0B91B58116B7}"
EndProject
Project("{FAE04EC0-301F-11D3-BF4B-00C04F79EFBC}") = "Plugin_PSScripts", "..\Plugins\Plugin_PSScripts\Plugin_PSScripts.csproj", "{347EBC08-DF66-4658-AD17-76073FF363F4}"
EndProject
Project("{FAE04EC0-301F-11D3-BF4B-00C04F79EFBC}") = "Plugin_RuckZuck", "..\Plugins\Plugin_RuckZuck\Plugin_RuckZuck.csproj", "{EFC5DE91-EE40-4C4C-994B-2876A46CE907}"
EndProject
Project("{FAE04EC0-301F-11D3-BF4B-00C04F79EFBC}") = "Plugin_Regedit", "..\Plugins\Plugin_Regedit\Plugin_Regedit.csproj", "{17E7E877-F00C-4309-9B61-D46FCBD3ED19}"
EndProject
Project("{FAE04EC0-301F-11D3-BF4B-00C04F79EFBC}") = "Plugin_MSInfo32", "..\Plugins\Plugin_MSInfo32\Plugin_MSInfo32.csproj", "{FA1AABC2-0B1D-4063-9CF4-C4F2C8E9566B}"
EndProject
Project("{FAE04EC0-301F-11D3-BF4B-00C04F79EFBC}") = "Plugin_MSRA", "..\Plugins\Plugin_MSRA\Plugin_MSRA.csproj", "{FF67990F-460D-488E-8500-0DFD84EF7063}"
EndProject
Project("{FAE04EC0-301F-11D3-BF4B-00C04F79EFBC}") = "Plugin_SelfUpdate", "..\Plugins\Plugin_SelfUpdate\Plugin_SelfUpdate.csproj", "{5E4322A2-B40F-43AE-8141-6609150DC8EA}"
EndProject
Project("{FAE04EC0-301F-11D3-BF4B-00C04F79EFBC}") = "Plugin_AppV46", "..\Plugins\Plugin_AppV46\Plugin_AppV46.csproj", "{6A02FDC8-EA56-47ED-97D2-D389087340B0}"
EndProject
Project("{FAE04EC0-301F-11D3-BF4B-00C04F79EFBC}") = "Plugin_CMRemote", "..\Plugins\Plugin_RemoteTools\Plugin_CMRemote.csproj", "{A6DC8F6F-8E6C-42A4-9C1F-6AE02F5192FE}"
EndProject
Project("{FAE04EC0-301F-11D3-BF4B-00C04F79EFBC}") = "Plugin_StatusMessageViewer", "..\Plugins\Plugin_StatusMessageViewer\Plugin_StatusMessageViewer.csproj", "{A4FF3AA4-220D-4184-9318-3BCE829C3046}"
EndProject
Project("{FAE04EC0-301F-11D3-BF4B-00C04F79EFBC}") = "Plugin_EnablePSRemoting", "..\Plugins\Plugin_EnablePSRemoting\Plugin_EnablePSRemoting.csproj", "{406CBE31-B6EB-40A3-ACC6-AF07D100313C}"
EndProject
Project("{FAE04EC0-301F-11D3-BF4B-00C04F79EFBC}") = "Plugin_FEP", "..\Plugins\Plugin_FEP\Plugin_FEP.csproj", "{6CCBD31D-0D33-4E1A-8E0F-4D93B08174F3}"
EndProject
Project("{FAE04EC0-301F-11D3-BF4B-00C04F79EFBC}") = "Plugin_CompMgmt", "..\Plugins\Plugin_CompMgmt\Plugin_CompMgmt.csproj", "{4299A633-16D8-4F51-9F56-9BDDB8151D96}"
EndProject
Project("{FAE04EC0-301F-11D3-BF4B-00C04F79EFBC}") = "Plugin_CMResourceExplorer", "..\Plugins\Plugin_ResourceExplorer\Plugin_CMResourceExplorer.csproj", "{1E248AD0-2797-42E6-ADCA-BBD966E0713A}"
EndProject
Project("{FAE04EC0-301F-11D3-BF4B-00C04F79EFBC}") = "Plugin_CustomTools_AMTTools", "..\Plugins\Plugin_CustomTools_AMTTools\Plugin_CustomTools_AMTTools.csproj", "{8101512A-E034-4AFB-9183-45E97C93882E}"
EndProject
Global
	GlobalSection(SolutionConfigurationPlatforms) = preSolution
		Debug|Any CPU = Debug|Any CPU
		Debug|x64 = Debug|x64
		Debug|x86 = Debug|x86
		Release|Any CPU = Release|Any CPU
		Release|x64 = Release|x64
		Release|x86 = Release|x86
	EndGlobalSection
	GlobalSection(ProjectConfigurationPlatforms) = postSolution
		{2956A544-F6D5-4799-899F-583EE5F2DF58}.Debug|Any CPU.ActiveCfg = Debug|Any CPU
		{2956A544-F6D5-4799-899F-583EE5F2DF58}.Debug|Any CPU.Build.0 = Debug|Any CPU
		{2956A544-F6D5-4799-899F-583EE5F2DF58}.Debug|x64.ActiveCfg = Debug|Any CPU
		{2956A544-F6D5-4799-899F-583EE5F2DF58}.Debug|x64.Build.0 = Debug|Any CPU
		{2956A544-F6D5-4799-899F-583EE5F2DF58}.Debug|x86.ActiveCfg = Debug|Any CPU
		{2956A544-F6D5-4799-899F-583EE5F2DF58}.Debug|x86.Build.0 = Debug|Any CPU
		{2956A544-F6D5-4799-899F-583EE5F2DF58}.Release|Any CPU.ActiveCfg = Release|Any CPU
		{2956A544-F6D5-4799-899F-583EE5F2DF58}.Release|Any CPU.Build.0 = Release|Any CPU
		{2956A544-F6D5-4799-899F-583EE5F2DF58}.Release|x64.ActiveCfg = Release|Any CPU
		{2956A544-F6D5-4799-899F-583EE5F2DF58}.Release|x64.Build.0 = Release|Any CPU
		{2956A544-F6D5-4799-899F-583EE5F2DF58}.Release|x86.ActiveCfg = Release|Any CPU
		{2956A544-F6D5-4799-899F-583EE5F2DF58}.Release|x86.Build.0 = Release|Any CPU
		{26DE704F-FE0F-49B5-B295-50030A3219B6}.Debug|Any CPU.ActiveCfg = Debug|Any CPU
		{26DE704F-FE0F-49B5-B295-50030A3219B6}.Debug|Any CPU.Build.0 = Debug|Any CPU
		{26DE704F-FE0F-49B5-B295-50030A3219B6}.Debug|x64.ActiveCfg = Debug|Any CPU
		{26DE704F-FE0F-49B5-B295-50030A3219B6}.Debug|x64.Build.0 = Debug|Any CPU
		{26DE704F-FE0F-49B5-B295-50030A3219B6}.Debug|x86.ActiveCfg = Debug|Any CPU
		{26DE704F-FE0F-49B5-B295-50030A3219B6}.Debug|x86.Build.0 = Debug|Any CPU
		{26DE704F-FE0F-49B5-B295-50030A3219B6}.Release|Any CPU.ActiveCfg = Release|Any CPU
		{26DE704F-FE0F-49B5-B295-50030A3219B6}.Release|Any CPU.Build.0 = Release|Any CPU
		{26DE704F-FE0F-49B5-B295-50030A3219B6}.Release|x64.ActiveCfg = Release|Any CPU
		{26DE704F-FE0F-49B5-B295-50030A3219B6}.Release|x64.Build.0 = Release|Any CPU
		{26DE704F-FE0F-49B5-B295-50030A3219B6}.Release|x86.ActiveCfg = Release|Any CPU
		{26DE704F-FE0F-49B5-B295-50030A3219B6}.Release|x86.Build.0 = Release|Any CPU
		{619102C4-8B2A-4B5D-9089-D5437F58F9A9}.Debug|Any CPU.ActiveCfg = Debug|Any CPU
		{619102C4-8B2A-4B5D-9089-D5437F58F9A9}.Debug|Any CPU.Build.0 = Debug|Any CPU
		{619102C4-8B2A-4B5D-9089-D5437F58F9A9}.Debug|x64.ActiveCfg = Debug|Any CPU
		{619102C4-8B2A-4B5D-9089-D5437F58F9A9}.Debug|x64.Build.0 = Debug|Any CPU
		{619102C4-8B2A-4B5D-9089-D5437F58F9A9}.Debug|x86.ActiveCfg = Debug|Any CPU
		{619102C4-8B2A-4B5D-9089-D5437F58F9A9}.Debug|x86.Build.0 = Debug|Any CPU
		{619102C4-8B2A-4B5D-9089-D5437F58F9A9}.Release|Any CPU.ActiveCfg = Release|Any CPU
		{619102C4-8B2A-4B5D-9089-D5437F58F9A9}.Release|Any CPU.Build.0 = Release|Any CPU
		{619102C4-8B2A-4B5D-9089-D5437F58F9A9}.Release|x64.ActiveCfg = Release|Any CPU
		{619102C4-8B2A-4B5D-9089-D5437F58F9A9}.Release|x64.Build.0 = Release|Any CPU
		{619102C4-8B2A-4B5D-9089-D5437F58F9A9}.Release|x86.ActiveCfg = Release|Any CPU
		{619102C4-8B2A-4B5D-9089-D5437F58F9A9}.Release|x86.Build.0 = Release|Any CPU
		{04D53465-2A38-4BB2-9000-934A2FE8EEE3}.Debug|Any CPU.ActiveCfg = Debug|Any CPU
		{04D53465-2A38-4BB2-9000-934A2FE8EEE3}.Debug|Any CPU.Build.0 = Debug|Any CPU
		{04D53465-2A38-4BB2-9000-934A2FE8EEE3}.Debug|x64.ActiveCfg = Debug|Any CPU
		{04D53465-2A38-4BB2-9000-934A2FE8EEE3}.Debug|x64.Build.0 = Debug|Any CPU
		{04D53465-2A38-4BB2-9000-934A2FE8EEE3}.Debug|x86.ActiveCfg = Debug|Any CPU
		{04D53465-2A38-4BB2-9000-934A2FE8EEE3}.Debug|x86.Build.0 = Debug|Any CPU
		{04D53465-2A38-4BB2-9000-934A2FE8EEE3}.Release|Any CPU.ActiveCfg = Release|Any CPU
		{04D53465-2A38-4BB2-9000-934A2FE8EEE3}.Release|Any CPU.Build.0 = Release|Any CPU
		{04D53465-2A38-4BB2-9000-934A2FE8EEE3}.Release|x64.ActiveCfg = Release|Any CPU
		{04D53465-2A38-4BB2-9000-934A2FE8EEE3}.Release|x64.Build.0 = Release|Any CPU
		{04D53465-2A38-4BB2-9000-934A2FE8EEE3}.Release|x86.ActiveCfg = Release|Any CPU
		{04D53465-2A38-4BB2-9000-934A2FE8EEE3}.Release|x86.Build.0 = Release|Any CPU
		{CC4CA792-579C-4C29-A327-EF7A60E15897}.Debug|Any CPU.ActiveCfg = Debug|Any CPU
		{CC4CA792-579C-4C29-A327-EF7A60E15897}.Debug|Any CPU.Build.0 = Debug|Any CPU
		{CC4CA792-579C-4C29-A327-EF7A60E15897}.Debug|x64.ActiveCfg = Debug|Any CPU
		{CC4CA792-579C-4C29-A327-EF7A60E15897}.Debug|x64.Build.0 = Debug|Any CPU
		{CC4CA792-579C-4C29-A327-EF7A60E15897}.Debug|x86.ActiveCfg = Debug|Any CPU
		{CC4CA792-579C-4C29-A327-EF7A60E15897}.Debug|x86.Build.0 = Debug|Any CPU
		{CC4CA792-579C-4C29-A327-EF7A60E15897}.Release|Any CPU.ActiveCfg = Release|Any CPU
		{CC4CA792-579C-4C29-A327-EF7A60E15897}.Release|Any CPU.Build.0 = Release|Any CPU
		{CC4CA792-579C-4C29-A327-EF7A60E15897}.Release|x64.ActiveCfg = Release|Any CPU
		{CC4CA792-579C-4C29-A327-EF7A60E15897}.Release|x64.Build.0 = Release|Any CPU
		{CC4CA792-579C-4C29-A327-EF7A60E15897}.Release|x86.ActiveCfg = Release|Any CPU
		{CC4CA792-579C-4C29-A327-EF7A60E15897}.Release|x86.Build.0 = Release|Any CPU
		{9999CF17-DB6D-4B87-B8FA-0B91B58116B7}.Debug|Any CPU.ActiveCfg = Debug|Any CPU
		{9999CF17-DB6D-4B87-B8FA-0B91B58116B7}.Debug|Any CPU.Build.0 = Debug|Any CPU
		{9999CF17-DB6D-4B87-B8FA-0B91B58116B7}.Debug|x64.ActiveCfg = Debug|Any CPU
		{9999CF17-DB6D-4B87-B8FA-0B91B58116B7}.Debug|x64.Build.0 = Debug|Any CPU
		{9999CF17-DB6D-4B87-B8FA-0B91B58116B7}.Debug|x86.ActiveCfg = Debug|Any CPU
		{9999CF17-DB6D-4B87-B8FA-0B91B58116B7}.Debug|x86.Build.0 = Debug|Any CPU
		{9999CF17-DB6D-4B87-B8FA-0B91B58116B7}.Release|Any CPU.ActiveCfg = Release|Any CPU
		{9999CF17-DB6D-4B87-B8FA-0B91B58116B7}.Release|Any CPU.Build.0 = Release|Any CPU
		{9999CF17-DB6D-4B87-B8FA-0B91B58116B7}.Release|x64.ActiveCfg = Release|Any CPU
		{9999CF17-DB6D-4B87-B8FA-0B91B58116B7}.Release|x64.Build.0 = Release|Any CPU
		{9999CF17-DB6D-4B87-B8FA-0B91B58116B7}.Release|x86.ActiveCfg = Release|Any CPU
		{9999CF17-DB6D-4B87-B8FA-0B91B58116B7}.Release|x86.Build.0 = Release|Any CPU
		{347EBC08-DF66-4658-AD17-76073FF363F4}.Debug|Any CPU.ActiveCfg = Debug|Any CPU
		{347EBC08-DF66-4658-AD17-76073FF363F4}.Debug|Any CPU.Build.0 = Debug|Any CPU
		{347EBC08-DF66-4658-AD17-76073FF363F4}.Debug|x64.ActiveCfg = Debug|Any CPU
		{347EBC08-DF66-4658-AD17-76073FF363F4}.Debug|x64.Build.0 = Debug|Any CPU
		{347EBC08-DF66-4658-AD17-76073FF363F4}.Debug|x86.ActiveCfg = Debug|Any CPU
		{347EBC08-DF66-4658-AD17-76073FF363F4}.Debug|x86.Build.0 = Debug|Any CPU
		{347EBC08-DF66-4658-AD17-76073FF363F4}.Release|Any CPU.ActiveCfg = Release|Any CPU
		{347EBC08-DF66-4658-AD17-76073FF363F4}.Release|Any CPU.Build.0 = Release|Any CPU
		{347EBC08-DF66-4658-AD17-76073FF363F4}.Release|x64.ActiveCfg = Release|Any CPU
		{347EBC08-DF66-4658-AD17-76073FF363F4}.Release|x64.Build.0 = Release|Any CPU
		{347EBC08-DF66-4658-AD17-76073FF363F4}.Release|x86.ActiveCfg = Release|Any CPU
		{347EBC08-DF66-4658-AD17-76073FF363F4}.Release|x86.Build.0 = Release|Any CPU
		{EFC5DE91-EE40-4C4C-994B-2876A46CE907}.Debug|Any CPU.ActiveCfg = Debug|Any CPU
		{EFC5DE91-EE40-4C4C-994B-2876A46CE907}.Debug|Any CPU.Build.0 = Debug|Any CPU
		{EFC5DE91-EE40-4C4C-994B-2876A46CE907}.Debug|x64.ActiveCfg = Debug|Any CPU
		{EFC5DE91-EE40-4C4C-994B-2876A46CE907}.Debug|x64.Build.0 = Debug|Any CPU
		{EFC5DE91-EE40-4C4C-994B-2876A46CE907}.Debug|x86.ActiveCfg = Debug|Any CPU
		{EFC5DE91-EE40-4C4C-994B-2876A46CE907}.Debug|x86.Build.0 = Debug|Any CPU
		{EFC5DE91-EE40-4C4C-994B-2876A46CE907}.Release|Any CPU.ActiveCfg = Release|Any CPU
		{EFC5DE91-EE40-4C4C-994B-2876A46CE907}.Release|Any CPU.Build.0 = Release|Any CPU
		{EFC5DE91-EE40-4C4C-994B-2876A46CE907}.Release|x64.ActiveCfg = Release|Any CPU
		{EFC5DE91-EE40-4C4C-994B-2876A46CE907}.Release|x64.Build.0 = Release|Any CPU
		{EFC5DE91-EE40-4C4C-994B-2876A46CE907}.Release|x86.ActiveCfg = Release|Any CPU
		{EFC5DE91-EE40-4C4C-994B-2876A46CE907}.Release|x86.Build.0 = Release|Any CPU
		{17E7E877-F00C-4309-9B61-D46FCBD3ED19}.Debug|Any CPU.ActiveCfg = Debug|Any CPU
		{17E7E877-F00C-4309-9B61-D46FCBD3ED19}.Debug|Any CPU.Build.0 = Debug|Any CPU
		{17E7E877-F00C-4309-9B61-D46FCBD3ED19}.Debug|x64.ActiveCfg = Debug|Any CPU
		{17E7E877-F00C-4309-9B61-D46FCBD3ED19}.Debug|x64.Build.0 = Debug|Any CPU
		{17E7E877-F00C-4309-9B61-D46FCBD3ED19}.Debug|x86.ActiveCfg = Debug|Any CPU
		{17E7E877-F00C-4309-9B61-D46FCBD3ED19}.Debug|x86.Build.0 = Debug|Any CPU
		{17E7E877-F00C-4309-9B61-D46FCBD3ED19}.Release|Any CPU.ActiveCfg = Release|Any CPU
		{17E7E877-F00C-4309-9B61-D46FCBD3ED19}.Release|Any CPU.Build.0 = Release|Any CPU
		{17E7E877-F00C-4309-9B61-D46FCBD3ED19}.Release|x64.ActiveCfg = Release|Any CPU
		{17E7E877-F00C-4309-9B61-D46FCBD3ED19}.Release|x64.Build.0 = Release|Any CPU
		{17E7E877-F00C-4309-9B61-D46FCBD3ED19}.Release|x86.ActiveCfg = Release|Any CPU
		{17E7E877-F00C-4309-9B61-D46FCBD3ED19}.Release|x86.Build.0 = Release|Any CPU
		{FA1AABC2-0B1D-4063-9CF4-C4F2C8E9566B}.Debug|Any CPU.ActiveCfg = Debug|Any CPU
		{FA1AABC2-0B1D-4063-9CF4-C4F2C8E9566B}.Debug|Any CPU.Build.0 = Debug|Any CPU
		{FA1AABC2-0B1D-4063-9CF4-C4F2C8E9566B}.Debug|x64.ActiveCfg = Debug|Any CPU
		{FA1AABC2-0B1D-4063-9CF4-C4F2C8E9566B}.Debug|x64.Build.0 = Debug|Any CPU
		{FA1AABC2-0B1D-4063-9CF4-C4F2C8E9566B}.Debug|x86.ActiveCfg = Debug|Any CPU
		{FA1AABC2-0B1D-4063-9CF4-C4F2C8E9566B}.Debug|x86.Build.0 = Debug|Any CPU
		{FA1AABC2-0B1D-4063-9CF4-C4F2C8E9566B}.Release|Any CPU.ActiveCfg = Release|Any CPU
		{FA1AABC2-0B1D-4063-9CF4-C4F2C8E9566B}.Release|Any CPU.Build.0 = Release|Any CPU
		{FA1AABC2-0B1D-4063-9CF4-C4F2C8E9566B}.Release|x64.ActiveCfg = Release|Any CPU
		{FA1AABC2-0B1D-4063-9CF4-C4F2C8E9566B}.Release|x64.Build.0 = Release|Any CPU
		{FA1AABC2-0B1D-4063-9CF4-C4F2C8E9566B}.Release|x86.ActiveCfg = Release|Any CPU
		{FA1AABC2-0B1D-4063-9CF4-C4F2C8E9566B}.Release|x86.Build.0 = Release|Any CPU
		{FF67990F-460D-488E-8500-0DFD84EF7063}.Debug|Any CPU.ActiveCfg = Debug|Any CPU
		{FF67990F-460D-488E-8500-0DFD84EF7063}.Debug|Any CPU.Build.0 = Debug|Any CPU
		{FF67990F-460D-488E-8500-0DFD84EF7063}.Debug|x64.ActiveCfg = Debug|Any CPU
		{FF67990F-460D-488E-8500-0DFD84EF7063}.Debug|x64.Build.0 = Debug|Any CPU
		{FF67990F-460D-488E-8500-0DFD84EF7063}.Debug|x86.ActiveCfg = Debug|Any CPU
		{FF67990F-460D-488E-8500-0DFD84EF7063}.Debug|x86.Build.0 = Debug|Any CPU
		{FF67990F-460D-488E-8500-0DFD84EF7063}.Release|Any CPU.ActiveCfg = Release|Any CPU
		{FF67990F-460D-488E-8500-0DFD84EF7063}.Release|Any CPU.Build.0 = Release|Any CPU
		{FF67990F-460D-488E-8500-0DFD84EF7063}.Release|x64.ActiveCfg = Release|Any CPU
		{FF67990F-460D-488E-8500-0DFD84EF7063}.Release|x64.Build.0 = Release|Any CPU
		{FF67990F-460D-488E-8500-0DFD84EF7063}.Release|x86.ActiveCfg = Release|Any CPU
		{FF67990F-460D-488E-8500-0DFD84EF7063}.Release|x86.Build.0 = Release|Any CPU
		{5E4322A2-B40F-43AE-8141-6609150DC8EA}.Debug|Any CPU.ActiveCfg = Debug|Any CPU
		{5E4322A2-B40F-43AE-8141-6609150DC8EA}.Debug|Any CPU.Build.0 = Debug|Any CPU
		{5E4322A2-B40F-43AE-8141-6609150DC8EA}.Debug|x64.ActiveCfg = Debug|Any CPU
		{5E4322A2-B40F-43AE-8141-6609150DC8EA}.Debug|x64.Build.0 = Debug|Any CPU
		{5E4322A2-B40F-43AE-8141-6609150DC8EA}.Debug|x86.ActiveCfg = Debug|Any CPU
		{5E4322A2-B40F-43AE-8141-6609150DC8EA}.Debug|x86.Build.0 = Debug|Any CPU
		{5E4322A2-B40F-43AE-8141-6609150DC8EA}.Release|Any CPU.ActiveCfg = Release|Any CPU
		{5E4322A2-B40F-43AE-8141-6609150DC8EA}.Release|Any CPU.Build.0 = Release|Any CPU
		{5E4322A2-B40F-43AE-8141-6609150DC8EA}.Release|x64.ActiveCfg = Release|Any CPU
		{5E4322A2-B40F-43AE-8141-6609150DC8EA}.Release|x64.Build.0 = Release|Any CPU
		{5E4322A2-B40F-43AE-8141-6609150DC8EA}.Release|x86.ActiveCfg = Release|Any CPU
		{5E4322A2-B40F-43AE-8141-6609150DC8EA}.Release|x86.Build.0 = Release|Any CPU
		{6A02FDC8-EA56-47ED-97D2-D389087340B0}.Debug|Any CPU.ActiveCfg = Debug|Any CPU
		{6A02FDC8-EA56-47ED-97D2-D389087340B0}.Debug|Any CPU.Build.0 = Debug|Any CPU
		{6A02FDC8-EA56-47ED-97D2-D389087340B0}.Debug|x64.ActiveCfg = Debug|Any CPU
		{6A02FDC8-EA56-47ED-97D2-D389087340B0}.Debug|x64.Build.0 = Debug|Any CPU
		{6A02FDC8-EA56-47ED-97D2-D389087340B0}.Debug|x86.ActiveCfg = Debug|Any CPU
		{6A02FDC8-EA56-47ED-97D2-D389087340B0}.Debug|x86.Build.0 = Debug|Any CPU
		{6A02FDC8-EA56-47ED-97D2-D389087340B0}.Release|Any CPU.ActiveCfg = Release|Any CPU
		{6A02FDC8-EA56-47ED-97D2-D389087340B0}.Release|Any CPU.Build.0 = Release|Any CPU
		{6A02FDC8-EA56-47ED-97D2-D389087340B0}.Release|x64.ActiveCfg = Release|Any CPU
		{6A02FDC8-EA56-47ED-97D2-D389087340B0}.Release|x64.Build.0 = Release|Any CPU
		{6A02FDC8-EA56-47ED-97D2-D389087340B0}.Release|x86.ActiveCfg = Release|Any CPU
		{6A02FDC8-EA56-47ED-97D2-D389087340B0}.Release|x86.Build.0 = Release|Any CPU
		{A6DC8F6F-8E6C-42A4-9C1F-6AE02F5192FE}.Debug|Any CPU.ActiveCfg = Debug|Any CPU
		{A6DC8F6F-8E6C-42A4-9C1F-6AE02F5192FE}.Debug|Any CPU.Build.0 = Debug|Any CPU
		{A6DC8F6F-8E6C-42A4-9C1F-6AE02F5192FE}.Debug|x64.ActiveCfg = Debug|Any CPU
		{A6DC8F6F-8E6C-42A4-9C1F-6AE02F5192FE}.Debug|x64.Build.0 = Debug|Any CPU
		{A6DC8F6F-8E6C-42A4-9C1F-6AE02F5192FE}.Debug|x86.ActiveCfg = Debug|Any CPU
		{A6DC8F6F-8E6C-42A4-9C1F-6AE02F5192FE}.Debug|x86.Build.0 = Debug|Any CPU
		{A6DC8F6F-8E6C-42A4-9C1F-6AE02F5192FE}.Release|Any CPU.ActiveCfg = Release|Any CPU
		{A6DC8F6F-8E6C-42A4-9C1F-6AE02F5192FE}.Release|Any CPU.Build.0 = Release|Any CPU
		{A6DC8F6F-8E6C-42A4-9C1F-6AE02F5192FE}.Release|x64.ActiveCfg = Release|Any CPU
		{A6DC8F6F-8E6C-42A4-9C1F-6AE02F5192FE}.Release|x64.Build.0 = Release|Any CPU
		{A6DC8F6F-8E6C-42A4-9C1F-6AE02F5192FE}.Release|x86.ActiveCfg = Release|Any CPU
		{A6DC8F6F-8E6C-42A4-9C1F-6AE02F5192FE}.Release|x86.Build.0 = Release|Any CPU
		{A4FF3AA4-220D-4184-9318-3BCE829C3046}.Debug|Any CPU.ActiveCfg = Debug|Any CPU
		{A4FF3AA4-220D-4184-9318-3BCE829C3046}.Debug|Any CPU.Build.0 = Debug|Any CPU
		{A4FF3AA4-220D-4184-9318-3BCE829C3046}.Debug|x64.ActiveCfg = Debug|Any CPU
		{A4FF3AA4-220D-4184-9318-3BCE829C3046}.Debug|x64.Build.0 = Debug|Any CPU
		{A4FF3AA4-220D-4184-9318-3BCE829C3046}.Debug|x86.ActiveCfg = Debug|Any CPU
		{A4FF3AA4-220D-4184-9318-3BCE829C3046}.Debug|x86.Build.0 = Debug|Any CPU
		{A4FF3AA4-220D-4184-9318-3BCE829C3046}.Release|Any CPU.ActiveCfg = Release|Any CPU
		{A4FF3AA4-220D-4184-9318-3BCE829C3046}.Release|Any CPU.Build.0 = Release|Any CPU
		{A4FF3AA4-220D-4184-9318-3BCE829C3046}.Release|x64.ActiveCfg = Release|Any CPU
		{A4FF3AA4-220D-4184-9318-3BCE829C3046}.Release|x64.Build.0 = Release|Any CPU
		{A4FF3AA4-220D-4184-9318-3BCE829C3046}.Release|x86.ActiveCfg = Release|Any CPU
		{A4FF3AA4-220D-4184-9318-3BCE829C3046}.Release|x86.Build.0 = Release|Any CPU
		{406CBE31-B6EB-40A3-ACC6-AF07D100313C}.Debug|Any CPU.ActiveCfg = Debug|Any CPU
		{406CBE31-B6EB-40A3-ACC6-AF07D100313C}.Debug|Any CPU.Build.0 = Debug|Any CPU
		{406CBE31-B6EB-40A3-ACC6-AF07D100313C}.Debug|x64.ActiveCfg = Debug|Any CPU
		{406CBE31-B6EB-40A3-ACC6-AF07D100313C}.Debug|x64.Build.0 = Debug|Any CPU
		{406CBE31-B6EB-40A3-ACC6-AF07D100313C}.Debug|x86.ActiveCfg = Debug|Any CPU
		{406CBE31-B6EB-40A3-ACC6-AF07D100313C}.Debug|x86.Build.0 = Debug|Any CPU
		{406CBE31-B6EB-40A3-ACC6-AF07D100313C}.Release|Any CPU.ActiveCfg = Release|Any CPU
		{406CBE31-B6EB-40A3-ACC6-AF07D100313C}.Release|Any CPU.Build.0 = Release|Any CPU
		{406CBE31-B6EB-40A3-ACC6-AF07D100313C}.Release|x64.ActiveCfg = Release|Any CPU
		{406CBE31-B6EB-40A3-ACC6-AF07D100313C}.Release|x64.Build.0 = Release|Any CPU
		{406CBE31-B6EB-40A3-ACC6-AF07D100313C}.Release|x86.ActiveCfg = Release|Any CPU
		{406CBE31-B6EB-40A3-ACC6-AF07D100313C}.Release|x86.Build.0 = Release|Any CPU
		{6CCBD31D-0D33-4E1A-8E0F-4D93B08174F3}.Debug|Any CPU.ActiveCfg = Debug|Any CPU
		{6CCBD31D-0D33-4E1A-8E0F-4D93B08174F3}.Debug|Any CPU.Build.0 = Debug|Any CPU
		{6CCBD31D-0D33-4E1A-8E0F-4D93B08174F3}.Debug|x64.ActiveCfg = Debug|Any CPU
		{6CCBD31D-0D33-4E1A-8E0F-4D93B08174F3}.Debug|x64.Build.0 = Debug|Any CPU
		{6CCBD31D-0D33-4E1A-8E0F-4D93B08174F3}.Debug|x86.ActiveCfg = Debug|Any CPU
		{6CCBD31D-0D33-4E1A-8E0F-4D93B08174F3}.Debug|x86.Build.0 = Debug|Any CPU
		{6CCBD31D-0D33-4E1A-8E0F-4D93B08174F3}.Release|Any CPU.ActiveCfg = Release|Any CPU
		{6CCBD31D-0D33-4E1A-8E0F-4D93B08174F3}.Release|Any CPU.Build.0 = Release|Any CPU
		{6CCBD31D-0D33-4E1A-8E0F-4D93B08174F3}.Release|x64.ActiveCfg = Release|Any CPU
		{6CCBD31D-0D33-4E1A-8E0F-4D93B08174F3}.Release|x64.Build.0 = Release|Any CPU
		{6CCBD31D-0D33-4E1A-8E0F-4D93B08174F3}.Release|x86.ActiveCfg = Release|Any CPU
		{6CCBD31D-0D33-4E1A-8E0F-4D93B08174F3}.Release|x86.Build.0 = Release|Any CPU
		{4299A633-16D8-4F51-9F56-9BDDB8151D96}.Debug|Any CPU.ActiveCfg = Debug|Any CPU
		{4299A633-16D8-4F51-9F56-9BDDB8151D96}.Debug|Any CPU.Build.0 = Debug|Any CPU
		{4299A633-16D8-4F51-9F56-9BDDB8151D96}.Debug|x64.ActiveCfg = Debug|Any CPU
		{4299A633-16D8-4F51-9F56-9BDDB8151D96}.Debug|x64.Build.0 = Debug|Any CPU
		{4299A633-16D8-4F51-9F56-9BDDB8151D96}.Debug|x86.ActiveCfg = Debug|Any CPU
		{4299A633-16D8-4F51-9F56-9BDDB8151D96}.Debug|x86.Build.0 = Debug|Any CPU
		{4299A633-16D8-4F51-9F56-9BDDB8151D96}.Release|Any CPU.ActiveCfg = Release|Any CPU
		{4299A633-16D8-4F51-9F56-9BDDB8151D96}.Release|Any CPU.Build.0 = Release|Any CPU
		{4299A633-16D8-4F51-9F56-9BDDB8151D96}.Release|x64.ActiveCfg = Release|Any CPU
		{4299A633-16D8-4F51-9F56-9BDDB8151D96}.Release|x64.Build.0 = Release|Any CPU
		{4299A633-16D8-4F51-9F56-9BDDB8151D96}.Release|x86.ActiveCfg = Release|Any CPU
		{4299A633-16D8-4F51-9F56-9BDDB8151D96}.Release|x86.Build.0 = Release|Any CPU
		{1E248AD0-2797-42E6-ADCA-BBD966E0713A}.Debug|Any CPU.ActiveCfg = Debug|Any CPU
		{1E248AD0-2797-42E6-ADCA-BBD966E0713A}.Debug|Any CPU.Build.0 = Debug|Any CPU
		{1E248AD0-2797-42E6-ADCA-BBD966E0713A}.Debug|x64.ActiveCfg = Debug|Any CPU
		{1E248AD0-2797-42E6-ADCA-BBD966E0713A}.Debug|x64.Build.0 = Debug|Any CPU
		{1E248AD0-2797-42E6-ADCA-BBD966E0713A}.Debug|x86.ActiveCfg = Debug|Any CPU
		{1E248AD0-2797-42E6-ADCA-BBD966E0713A}.Debug|x86.Build.0 = Debug|Any CPU
		{1E248AD0-2797-42E6-ADCA-BBD966E0713A}.Release|Any CPU.ActiveCfg = Release|Any CPU
		{1E248AD0-2797-42E6-ADCA-BBD966E0713A}.Release|Any CPU.Build.0 = Release|Any CPU
		{1E248AD0-2797-42E6-ADCA-BBD966E0713A}.Release|x64.ActiveCfg = Release|Any CPU
		{1E248AD0-2797-42E6-ADCA-BBD966E0713A}.Release|x64.Build.0 = Release|Any CPU
		{1E248AD0-2797-42E6-ADCA-BBD966E0713A}.Release|x86.ActiveCfg = Release|Any CPU
		{1E248AD0-2797-42E6-ADCA-BBD966E0713A}.Release|x86.Build.0 = Release|Any CPU
		{8101512A-E034-4AFB-9183-45E97C93882E}.Debug|Any CPU.ActiveCfg = Debug|Any CPU
		{8101512A-E034-4AFB-9183-45E97C93882E}.Debug|Any CPU.Build.0 = Debug|Any CPU
		{8101512A-E034-4AFB-9183-45E97C93882E}.Debug|x64.ActiveCfg = Debug|Any CPU
		{8101512A-E034-4AFB-9183-45E97C93882E}.Debug|x64.Build.0 = Debug|Any CPU
		{8101512A-E034-4AFB-9183-45E97C93882E}.Debug|x86.ActiveCfg = Debug|Any CPU
		{8101512A-E034-4AFB-9183-45E97C93882E}.Debug|x86.Build.0 = Debug|Any CPU
		{8101512A-E034-4AFB-9183-45E97C93882E}.Release|Any CPU.ActiveCfg = Release|Any CPU
		{8101512A-E034-4AFB-9183-45E97C93882E}.Release|Any CPU.Build.0 = Release|Any CPU
		{8101512A-E034-4AFB-9183-45E97C93882E}.Release|x64.ActiveCfg = Release|Any CPU
		{8101512A-E034-4AFB-9183-45E97C93882E}.Release|x64.Build.0 = Release|Any CPU
		{8101512A-E034-4AFB-9183-45E97C93882E}.Release|x86.ActiveCfg = Release|Any CPU
		{8101512A-E034-4AFB-9183-45E97C93882E}.Release|x86.Build.0 = Release|Any CPU
	EndGlobalSection
	GlobalSection(SolutionProperties) = preSolution
		HideSolutionNode = FALSE
	EndGlobalSection
	GlobalSection(NestedProjects) = preSolution
		{619102C4-8B2A-4B5D-9089-D5437F58F9A9} = {E871676F-0D6E-528F-08BD-730E807139FE}
	EndGlobalSection
	GlobalSection(ExtensibilityGlobals) = postSolution
		SolutionGuid = {0037C8BA-98E9-4749-B8B8-725DC04FAC77}
	EndGlobalSection
EndGlobal
